// !$*UTF8*$!
{
	archiveVersion = 1;
	classes = {
	};
	objectVersion = 46;
	objects = {

/* Begin PBXBuildFile section */
		C50206131CF7051E00A3273B /* AppDelegate.swift in Sources */ = {isa = PBXBuildFile; fileRef = C50206121CF7051E00A3273B /* AppDelegate.swift */; };
		C50206151CF7051E00A3273B /*  MealViewController.swift in Sources */ = {isa = PBXBuildFile; fileRef = C50206141CF7051E00A3273B /*  MealViewController.swift */; };
		C50206181CF7051E00A3273B /* Main.storyboard in Resources */ = {isa = PBXBuildFile; fileRef = C50206161CF7051E00A3273B /* Main.storyboard */; };
		C502061A1CF7051E00A3273B /* Assets.xcassets in Resources */ = {isa = PBXBuildFile; fileRef = C50206191CF7051E00A3273B /* Assets.xcassets */; };
		C502061D1CF7051E00A3273B /* LaunchScreen.storyboard in Resources */ = {isa = PBXBuildFile; fileRef = C502061B1CF7051E00A3273B /* LaunchScreen.storyboard */; };
		C50206281CF7051E00A3273B /* FoodTrackerTests.swift in Sources */ = {isa = PBXBuildFile; fileRef = C50206271CF7051E00A3273B /* FoodTrackerTests.swift */; };
		C50206331CF7051E00A3273B /* FoodTrackerUITests.swift in Sources */ = {isa = PBXBuildFile; fileRef = C50206321CF7051E00A3273B /* FoodTrackerUITests.swift */; };
		C50206411CF81F1900A3273B /* RatingControl.swift in Sources */ = {isa = PBXBuildFile; fileRef = C50206401CF81F1900A3273B /* RatingControl.swift */; };
		C50206431CF892A400A3273B /* Meal.swift in Sources */ = {isa = PBXBuildFile; fileRef = C50206421CF892A400A3273B /* Meal.swift */; };
		C50206441CF892A400A3273B /* Meal.swift in Sources */ = {isa = PBXBuildFile; fileRef = C50206421CF892A400A3273B /* Meal.swift */; };
		C50206461CF9251400A3273B /* MealTableViewCell.swift in Sources */ = {isa = PBXBuildFile; fileRef = C50206451CF9251400A3273B /* MealTableViewCell.swift */; };
		C502064A1CF9431B00A3273B /* MealTableViewController.swift in Sources */ = {isa = PBXBuildFile; fileRef = C50206491CF9431B00A3273B /* MealTableViewController.swift */; };
/* End PBXBuildFile section */

/* Begin PBXContainerItemProxy section */
		C50206241CF7051E00A3273B /* PBXContainerItemProxy */ = {
			isa = PBXContainerItemProxy;
			containerPortal = C50206071CF7051E00A3273B /* Project object */;
			proxyType = 1;
			remoteGlobalIDString = C502060E1CF7051E00A3273B;
			remoteInfo = FoodTracker;
		};
		C502062F1CF7051E00A3273B /* PBXContainerItemProxy */ = {
			isa = PBXContainerItemProxy;
			containerPortal = C50206071CF7051E00A3273B /* Project object */;
			proxyType = 1;
			remoteGlobalIDString = C502060E1CF7051E00A3273B;
			remoteInfo = FoodTracker;
		};
/* End PBXContainerItemProxy section */

/* Begin PBXFileReference section */
		C502060F1CF7051E00A3273B /* FoodTracker.app */ = {isa = PBXFileReference; explicitFileType = wrapper.application; includeInIndex = 0; path = FoodTracker.app; sourceTree = BUILT_PRODUCTS_DIR; };
		C50206121CF7051E00A3273B /* AppDelegate.swift */ = {isa = PBXFileReference; lastKnownFileType = sourcecode.swift; path = AppDelegate.swift; sourceTree = "<group>"; };
		C50206141CF7051E00A3273B /*  MealViewController.swift */ = {isa = PBXFileReference; lastKnownFileType = sourcecode.swift; path = " MealViewController.swift"; sourceTree = "<group>"; };
		C50206171CF7051E00A3273B /* Base */ = {isa = PBXFileReference; lastKnownFileType = file.storyboard; name = Base; path = Base.lproj/Main.storyboard; sourceTree = "<group>"; };
		C50206191CF7051E00A3273B /* Assets.xcassets */ = {isa = PBXFileReference; lastKnownFileType = folder.assetcatalog; path = Assets.xcassets; sourceTree = "<group>"; };
		C502061C1CF7051E00A3273B /* Base */ = {isa = PBXFileReference; lastKnownFileType = file.storyboard; name = Base; path = Base.lproj/LaunchScreen.storyboard; sourceTree = "<group>"; };
		C502061E1CF7051E00A3273B /* Info.plist */ = {isa = PBXFileReference; lastKnownFileType = text.plist.xml; path = Info.plist; sourceTree = "<group>"; };
		C50206231CF7051E00A3273B /* FoodTrackerTests.xctest */ = {isa = PBXFileReference; explicitFileType = wrapper.cfbundle; includeInIndex = 0; path = FoodTrackerTests.xctest; sourceTree = BUILT_PRODUCTS_DIR; };
		C50206271CF7051E00A3273B /* FoodTrackerTests.swift */ = {isa = PBXFileReference; lastKnownFileType = sourcecode.swift; path = FoodTrackerTests.swift; sourceTree = "<group>"; };
		C50206291CF7051E00A3273B /* Info.plist */ = {isa = PBXFileReference; lastKnownFileType = text.plist.xml; path = Info.plist; sourceTree = "<group>"; };
		C502062E1CF7051E00A3273B /* FoodTrackerUITests.xctest */ = {isa = PBXFileReference; explicitFileType = wrapper.cfbundle; includeInIndex = 0; path = FoodTrackerUITests.xctest; sourceTree = BUILT_PRODUCTS_DIR; };
		C50206321CF7051E00A3273B /* FoodTrackerUITests.swift */ = {isa = PBXFileReference; lastKnownFileType = sourcecode.swift; path = FoodTrackerUITests.swift; sourceTree = "<group>"; };
		C50206341CF7051E00A3273B /* Info.plist */ = {isa = PBXFileReference; lastKnownFileType = text.plist.xml; path = Info.plist; sourceTree = "<group>"; };
		C50206401CF81F1900A3273B /* RatingControl.swift */ = {isa = PBXFileReference; fileEncoding = 4; lastKnownFileType = sourcecode.swift; path = RatingControl.swift; sourceTree = "<group>"; };
		C50206421CF892A400A3273B /* Meal.swift */ = {isa = PBXFileReference; fileEncoding = 4; lastKnownFileType = sourcecode.swift; path = Meal.swift; sourceTree = "<group>"; };
		C50206451CF9251400A3273B /* MealTableViewCell.swift */ = {isa = PBXFileReference; fileEncoding = 4; lastKnownFileType = sourcecode.swift; path = MealTableViewCell.swift; sourceTree = "<group>"; };
		C50206491CF9431B00A3273B /* MealTableViewController.swift */ = {isa = PBXFileReference; fileEncoding = 4; lastKnownFileType = sourcecode.swift; path = MealTableViewController.swift; sourceTree = "<group>"; };
/* End PBXFileReference section */

/* Begin PBXFrameworksBuildPhase section */
		C502060C1CF7051E00A3273B /* Frameworks */ = {
			isa = PBXFrameworksBuildPhase;
			buildActionMask = 2147483647;
			files = (
			);
			runOnlyForDeploymentPostprocessing = 0;
		};
		C50206201CF7051E00A3273B /* Frameworks */ = {
			isa = PBXFrameworksBuildPhase;
			buildActionMask = 2147483647;
			files = (
			);
			runOnlyForDeploymentPostprocessing = 0;
		};
		C502062B1CF7051E00A3273B /* Frameworks */ = {
			isa = PBXFrameworksBuildPhase;
			buildActionMask = 2147483647;
			files = (
			);
			runOnlyForDeploymentPostprocessing = 0;
		};
/* End PBXFrameworksBuildPhase section */

/* Begin PBXGroup section */
		C50206061CF7051E00A3273B = {
			isa = PBXGroup;
			children = (
				C50206491CF9431B00A3273B /* MealTableViewController.swift */,
				C50206421CF892A400A3273B /* Meal.swift */,
				C50206401CF81F1900A3273B /* RatingControl.swift */,
				C50206111CF7051E00A3273B /* FoodTracker */,
				C50206261CF7051E00A3273B /* FoodTrackerTests */,
				C50206311CF7051E00A3273B /* FoodTrackerUITests */,
				C50206101CF7051E00A3273B /* Products */,
			);
			sourceTree = "<group>";
		};
		C50206101CF7051E00A3273B /* Products */ = {
			isa = PBXGroup;
			children = (
				C502060F1CF7051E00A3273B /* FoodTracker.app */,
				C50206231CF7051E00A3273B /* FoodTrackerTests.xctest */,
				C502062E1CF7051E00A3273B /* FoodTrackerUITests.xctest */,
			);
			name = Products;
			sourceTree = "<group>";
		};
		C50206111CF7051E00A3273B /* FoodTracker */ = {
			isa = PBXGroup;
			children = (
				C50206121CF7051E00A3273B /* AppDelegate.swift */,
				C50206141CF7051E00A3273B /*  MealViewController.swift */,
				C50206161CF7051E00A3273B /* Main.storyboard */,
				C50206451CF9251400A3273B /* MealTableViewCell.swift */,
				C50206191CF7051E00A3273B /* Assets.xcassets */,
				C502061B1CF7051E00A3273B /* LaunchScreen.storyboard */,
				C502061E1CF7051E00A3273B /* Info.plist */,
			);
			path = FoodTracker;
			sourceTree = "<group>";
		};
		C50206261CF7051E00A3273B /* FoodTrackerTests */ = {
			isa = PBXGroup;
			children = (
				C50206271CF7051E00A3273B /* FoodTrackerTests.swift */,
				C50206291CF7051E00A3273B /* Info.plist */,
			);
			path = FoodTrackerTests;
			sourceTree = "<group>";
		};
		C50206311CF7051E00A3273B /* FoodTrackerUITests */ = {
			isa = PBXGroup;
			children = (
				C50206321CF7051E00A3273B /* FoodTrackerUITests.swift */,
				C50206341CF7051E00A3273B /* Info.plist */,
			);
			path = FoodTrackerUITests;
			sourceTree = "<group>";
		};
/* End PBXGroup section */

/* Begin PBXNativeTarget section */
		C502060E1CF7051E00A3273B /* FoodTracker */ = {
			isa = PBXNativeTarget;
			buildConfigurationList = C50206371CF7051E00A3273B /* Build configuration list for PBXNativeTarget "FoodTracker" */;
			buildPhases = (
				C502060B1CF7051E00A3273B /* Sources */,
				C502060C1CF7051E00A3273B /* Frameworks */,
				C502060D1CF7051E00A3273B /* Resources */,
			);
			buildRules = (
			);
			dependencies = (
			);
			name = FoodTracker;
			productName = FoodTracker;
			productReference = C502060F1CF7051E00A3273B /* FoodTracker.app */;
			productType = "com.apple.product-type.application";
		};
		C50206221CF7051E00A3273B /* FoodTrackerTests */ = {
			isa = PBXNativeTarget;
			buildConfigurationList = C502063A1CF7051E00A3273B /* Build configuration list for PBXNativeTarget "FoodTrackerTests" */;
			buildPhases = (
				C502061F1CF7051E00A3273B /* Sources */,
				C50206201CF7051E00A3273B /* Frameworks */,
				C50206211CF7051E00A3273B /* Resources */,
			);
			buildRules = (
			);
			dependencies = (
				C50206251CF7051E00A3273B /* PBXTargetDependency */,
			);
			name = FoodTrackerTests;
			productName = FoodTrackerTests;
			productReference = C50206231CF7051E00A3273B /* FoodTrackerTests.xctest */;
			productType = "com.apple.product-type.bundle.unit-test";
		};
		C502062D1CF7051E00A3273B /* FoodTrackerUITests */ = {
			isa = PBXNativeTarget;
			buildConfigurationList = C502063D1CF7051E00A3273B /* Build configuration list for PBXNativeTarget "FoodTrackerUITests" */;
			buildPhases = (
				C502062A1CF7051E00A3273B /* Sources */,
				C502062B1CF7051E00A3273B /* Frameworks */,
				C502062C1CF7051E00A3273B /* Resources */,
			);
			buildRules = (
			);
			dependencies = (
				C50206301CF7051E00A3273B /* PBXTargetDependency */,
			);
			name = FoodTrackerUITests;
			productName = FoodTrackerUITests;
			productReference = C502062E1CF7051E00A3273B /* FoodTrackerUITests.xctest */;
			productType = "com.apple.product-type.bundle.ui-testing";
		};
/* End PBXNativeTarget section */

/* Begin PBXProject section */
		C50206071CF7051E00A3273B /* Project object */ = {
			isa = PBXProject;
			attributes = {
				LastSwiftUpdateCheck = 0730;
				LastUpgradeCheck = 0730;
				ORGANIZATIONNAME = lishuwen;
				TargetAttributes = {
					C502060E1CF7051E00A3273B = {
						CreatedOnToolsVersion = 7.3;
						DevelopmentTeam = PKXWZ33659;
					};
					C50206221CF7051E00A3273B = {
						CreatedOnToolsVersion = 7.3;
						DevelopmentTeam = PKXWZ33659;
						TestTargetID = C502060E1CF7051E00A3273B;
					};
					C502062D1CF7051E00A3273B = {
						CreatedOnToolsVersion = 7.3;
						DevelopmentTeam = PKXWZ33659;
						TestTargetID = C502060E1CF7051E00A3273B;
					};
				};
			};
			buildConfigurationList = C502060A1CF7051E00A3273B /* Build configuration list for PBXProject "FoodTracker" */;
			compatibilityVersion = "Xcode 3.2";
			developmentRegion = English;
			hasScannedForEncodings = 0;
			knownRegions = (
				en,
				Base,
			);
			mainGroup = C50206061CF7051E00A3273B;
			productRefGroup = C50206101CF7051E00A3273B /* Products */;
			projectDirPath = "";
			projectRoot = "";
			targets = (
				C502060E1CF7051E00A3273B /* FoodTracker */,
				C50206221CF7051E00A3273B /* FoodTrackerTests */,
				C502062D1CF7051E00A3273B /* FoodTrackerUITests */,
			);
		};
/* End PBXProject section */

/* Begin PBXResourcesBuildPhase section */
		C502060D1CF7051E00A3273B /* Resources */ = {
			isa = PBXResourcesBuildPhase;
			buildActionMask = 2147483647;
			files = (
				C502061D1CF7051E00A3273B /* LaunchScreen.storyboard in Resources */,
				C502061A1CF7051E00A3273B /* Assets.xcassets in Resources */,
				C50206181CF7051E00A3273B /* Main.storyboard in Resources */,
			);
			runOnlyForDeploymentPostprocessing = 0;
		};
		C50206211CF7051E00A3273B /* Resources */ = {
			isa = PBXResourcesBuildPhase;
			buildActionMask = 2147483647;
			files = (
			);
			runOnlyForDeploymentPostprocessing = 0;
		};
		C502062C1CF7051E00A3273B /* Resources */ = {
			isa = PBXResourcesBuildPhase;
			buildActionMask = 2147483647;
			files = (
			);
			runOnlyForDeploymentPostprocessing = 0;
		};
/* End PBXResourcesBuildPhase section */

/* Begin PBXSourcesBuildPhase section */
		C502060B1CF7051E00A3273B /* Sources */ = {
			isa = PBXSourcesBuildPhase;
			buildActionMask = 2147483647;
			files = (
				C50206151CF7051E00A3273B /*  MealViewController.swift in Sources */,
				C50206431CF892A400A3273B /* Meal.swift in Sources */,
				C50206411CF81F1900A3273B /* RatingControl.swift in Sources */,
				C50206131CF7051E00A3273B /* AppDelegate.swift in Sources */,
				C502064A1CF9431B00A3273B /* MealTableViewController.swift in Sources */,
				C50206461CF9251400A3273B /* MealTableViewCell.swift in Sources */,
			);
			runOnlyForDeploymentPostprocessing = 0;
		};
		C502061F1CF7051E00A3273B /* Sources */ = {
			isa = PBXSourcesBuildPhase;
			buildActionMask = 2147483647;
			files = (
				C50206281CF7051E00A3273B /* FoodTrackerTests.swift in Sources */,
				C50206441CF892A400A3273B /* Meal.swift in Sources */,
			);
			runOnlyForDeploymentPostprocessing = 0;
		};
		C502062A1CF7051E00A3273B /* Sources */ = {
			isa = PBXSourcesBuildPhase;
			buildActionMask = 2147483647;
			files = (
				C50206331CF7051E00A3273B /* FoodTrackerUITests.swift in Sources */,
			);
			runOnlyForDeploymentPostprocessing = 0;
		};
/* End PBXSourcesBuildPhase section */

/* Begin PBXTargetDependency section */
		C50206251CF7051E00A3273B /* PBXTargetDependency */ = {
			isa = PBXTargetDependency;
			target = C502060E1CF7051E00A3273B /* FoodTracker */;
			targetProxy = C50206241CF7051E00A3273B /* PBXContainerItemProxy */;
		};
		C50206301CF7051E00A3273B /* PBXTargetDependency */ = {
			isa = PBXTargetDependency;
			target = C502060E1CF7051E00A3273B /* FoodTracker */;
			targetProxy = C502062F1CF7051E00A3273B /* PBXContainerItemProxy */;
		};
/* End PBXTargetDependency section */

/* Begin PBXVariantGroup section */
		C50206161CF7051E00A3273B /* Main.storyboard */ = {
			isa = PBXVariantGroup;
			children = (
				C50206171CF7051E00A3273B /* Base */,
			);
			name = Main.storyboard;
			sourceTree = "<group>";
		};
		C502061B1CF7051E00A3273B /* LaunchScreen.storyboard */ = {
			isa = PBXVariantGroup;
			children = (
				C502061C1CF7051E00A3273B /* Base */,
			);
			name = LaunchScreen.storyboard;
			sourceTree = "<group>";
		};
/* End PBXVariantGroup section */

/* Begin XCBuildConfiguration section */
		C50206351CF7051E00A3273B /* Debug */ = {
			isa = XCBuildConfiguration;
			buildSettings = {
				ALWAYS_SEARCH_USER_PATHS = NO;
				CLANG_ANALYZER_NONNULL = YES;
				CLANG_CXX_LANGUAGE_STANDARD = "gnu++0x";
				CLANG_CXX_LIBRARY = "libc++";
				CLANG_ENABLE_MODULES = YES;
				CLANG_ENABLE_OBJC_ARC = YES;
				CLANG_WARN_BOOL_CONVERSION = YES;
				CLANG_WARN_CONSTANT_CONVERSION = YES;
				CLANG_WARN_DIRECT_OBJC_ISA_USAGE = YES_ERROR;
				CLANG_WARN_EMPTY_BODY = YES;
				CLANG_WARN_ENUM_CONVERSION = YES;
				CLANG_WARN_INT_CONVERSION = YES;
				CLANG_WARN_OBJC_ROOT_CLASS = YES_ERROR;
				CLANG_WARN_UNREACHABLE_CODE = YES;
				CLANG_WARN__DUPLICATE_METHOD_MATCH = YES;
				"CODE_SIGN_IDENTITY[sdk=iphoneos*]" = "iPhone Developer";
				COPY_PHASE_STRIP = NO;
				DEBUG_INFORMATION_FORMAT = dwarf;
				ENABLE_STRICT_OBJC_MSGSEND = YES;
				ENABLE_TESTABILITY = YES;
				GCC_C_LANGUAGE_STANDARD = gnu99;
				GCC_DYNAMIC_NO_PIC = NO;
				GCC_NO_COMMON_BLOCKS = YES;
				GCC_OPTIMIZATION_LEVEL = 0;
				GCC_PREPROCESSOR_DEFINITIONS = (
					"DEBUG=1",
					"$(inherited)",
				);
				GCC_WARN_64_TO_32_BIT_CONVERSION = YES;
				GCC_WARN_ABOUT_RETURN_TYPE = YES_ERROR;
				GCC_WARN_UNDECLARED_SELECTOR = YES;
				GCC_WARN_UNINITIALIZED_AUTOS = YES_AGGRESSIVE;
				GCC_WARN_UNUSED_FUNCTION = YES;
				GCC_WARN_UNUSED_VARIABLE = YES;
				IPHONEOS_DEPLOYMENT_TARGET = 9.3;
				MTL_ENABLE_DEBUG_INFO = YES;
				ONLY_ACTIVE_ARCH = YES;
				SDKROOT = iphoneos;
				SWIFT_OPTIMIZATION_LEVEL = "-Onone";
				TARGETED_DEVICE_FAMILY = "1,2";
			};
			name = Debug;
		};
		C50206361CF7051E00A3273B /* Release */ = {
			isa = XCBuildConfiguration;
			buildSettings = {
				ALWAYS_SEARCH_USER_PATHS = NO;
				CLANG_ANALYZER_NONNULL = YES;
				CLANG_CXX_LANGUAGE_STANDARD = "gnu++0x";
				CLANG_CXX_LIBRARY = "libc++";
				CLANG_ENABLE_MODULES = YES;
				CLANG_ENABLE_OBJC_ARC = YES;
				CLANG_WARN_BOOL_CONVERSION = YES;
				CLANG_WARN_CONSTANT_CONVERSION = YES;
				CLANG_WARN_DIRECT_OBJC_ISA_USAGE = YES_ERROR;
				CLANG_WARN_EMPTY_BODY = YES;
				CLANG_WARN_ENUM_CONVERSION = YES;
				CLANG_WARN_INT_CONVERSION = YES;
				CLANG_WARN_OBJC_ROOT_CLASS = YES_ERROR;
				CLANG_WARN_UNREACHABLE_CODE = YES;
				CLANG_WARN__DUPLICATE_METHOD_MATCH = YES;
				"CODE_SIGN_IDENTITY[sdk=iphoneos*]" = "iPhone Developer";
				COPY_PHASE_STRIP = NO;
				DEBUG_INFORMATION_FORMAT = "dwarf-with-dsym";
				ENABLE_NS_ASSERTIONS = NO;
				ENABLE_STRICT_OBJC_MSGSEND = YES;
				GCC_C_LANGUAGE_STANDARD = gnu99;
				GCC_NO_COMMON_BLOCKS = YES;
				GCC_WARN_64_TO_32_BIT_CONVERSION = YES;
				GCC_WARN_ABOUT_RETURN_TYPE = YES_ERROR;
				GCC_WARN_UNDECLARED_SELECTOR = YES;
				GCC_WARN_UNINITIALIZED_AUTOS = YES_AGGRESSIVE;
				GCC_WARN_UNUSED_FUNCTION = YES;
				GCC_WARN_UNUSED_VARIABLE = YES;
				IPHONEOS_DEPLOYMENT_TARGET = 9.3;
				MTL_ENABLE_DEBUG_INFO = NO;
				SDKROOT = iphoneos;
				TARGETED_DEVICE_FAMILY = "1,2";
				VALIDATE_PRODUCT = YES;
			};
			name = Release;
		};
		C50206381CF7051E00A3273B /* Debug */ = {
			isa = XCBuildConfiguration;
			buildSettings = {
				ASSETCATALOG_COMPILER_APPICON_NAME = AppIcon;
				INFOPLIST_FILE = FoodTracker/Info.plist;
				IPHONEOS_DEPLOYMENT_TARGET = 9.0;
				LD_RUNPATH_SEARCH_PATHS = "$(inherited) @executable_path/Frameworks";
				PRODUCT_BUNDLE_IDENTIFIER = com.test.shuwenli.FoodTracker;
				PRODUCT_NAME = "$(TARGET_NAME)";
			};
			name = Debug;
		};
		C50206391CF7051E00A3273B /* Release */ = {
			isa = XCBuildConfiguration;
			buildSettings = {
				ASSETCATALOG_COMPILER_APPICON_NAME = AppIcon;
				INFOPLIST_FILE = FoodTracker/Info.plist;
				IPHONEOS_DEPLOYMENT_TARGET = 9.0;
				LD_RUNPATH_SEARCH_PATHS = "$(inherited) @executable_path/Frameworks";
				PRODUCT_BUNDLE_IDENTIFIER = com.test.shuwenli.FoodTracker;
				PRODUCT_NAME = "$(TARGET_NAME)";
			};
			name = Release;
		};
		C502063B1CF7051E00A3273B /* Debug */ = {
			isa = XCBuildConfiguration;
			buildSettings = {
				BUNDLE_LOADER = "$(TEST_HOST)";
				INFOPLIST_FILE = FoodTrackerTests/Info.plist;
				LD_RUNPATH_SEARCH_PATHS = "$(inherited) @executable_path/Frameworks @loader_path/Frameworks";
				PRODUCT_BUNDLE_IDENTIFIER = com.test.FoodTrackerTests;
				PRODUCT_NAME = "$(TARGET_NAME)";
				TEST_HOST = "$(BUILT_PRODUCTS_DIR)/FoodTracker.app/FoodTracker";
			};
			name = Debug;
		};
		C502063C1CF7051E00A3273B /* Release */ = {
			isa = XCBuildConfiguration;
			buildSettings = {
				BUNDLE_LOADER = "$(TEST_HOST)";
				INFOPLIST_FILE = FoodTrackerTests/Info.plist;
				LD_RUNPATH_SEARCH_PATHS = "$(inherited) @executable_path/Frameworks @loader_path/Frameworks";
				PRODUCT_BUNDLE_IDENTIFIER = com.test.FoodTrackerTests;
				PRODUCT_NAME = "$(TARGET_NAME)";
				TEST_HOST = "$(BUILT_PRODUCTS_DIR)/FoodTracker.app/FoodTracker";
			};
			name = Release;
		};
		C502063E1CF7051E00A3273B /* Debug */ = {
			isa = XCBuildConfiguration;
			buildSettings = {
				INFOPLIST_FILE = FoodTrackerUITests/Info.plist;
				LD_RUNPATH_SEARCH_PATHS = "$(inherited) @executable_path/Frameworks @loader_path/Frameworks";
				PRODUCT_BUNDLE_IDENTIFIER = com.test.FoodTrackerUITests;
				PRODUCT_NAME = "$(TARGET_NAME)";
				TEST_TARGET_NAME = FoodTracker;
			};
			name = Debug;
		};
		C502063F1CF7051E00A3273B /* Release */ = {
			isa = XCBuildConfiguration;
			buildSettings = {
				INFOPLIST_FILE = FoodTrackerUITests/Info.plist;
				LD_RUNPATH_SEARCH_PATHS = "$(inherited) @executable_path/Frameworks @loader_path/Frameworks";
				PRODUCT_BUNDLE_IDENTIFIER = com.test.FoodTrackerUITests;
				PRODUCT_NAME = "$(TARGET_NAME)";
				TEST_TARGET_NAME = FoodTracker;
			};
			name = Release;
		};
/* End XCBuildConfiguration section */

/* Begin XCConfigurationList section */
		C502060A1CF7051E00A3273B /* Build configuration list for PBXProject "FoodTracker" */ = {
			isa = XCConfigurationList;
			buildConfigurations = (
				C50206351CF7051E00A3273B /* Debug */,
				C50206361CF7051E00A3273B /* Release */,
			);
			defaultConfigurationIsVisible = 0;
			defaultConfigurationName = Release;
		};
		C50206371CF7051E00A3273B /* Build configuration list for PBXNativeTarget "FoodTracker" */ = {
			isa = XCConfigurationList;
			buildConfigurations = (
				C50206381CF7051E00A3273B /* Debug */,
				C50206391CF7051E00A3273B /* Release */,
			);
			defaultConfigurationIsVisible = 0;
		};
		C502063A1CF7051E00A3273B /* Build configuration list for PBXNativeTarget "FoodTrackerTests" */ = {
			isa = XCConfigurationList;
			buildConfigurations = (
				C502063B1CF7051E00A3273B /* Debug */,
				C502063C1CF7051E00A3273B /* Release */,
			);
			defaultConfigurationIsVisible = 0;
		};
		C502063D1CF7051E00A3273B /* Build configuration list for PBXNativeTarget "FoodTrackerUITests" */ = {
			isa = XCConfigurationList;
			buildConfigurations = (
				C502063E1CF7051E00A3273B /* Debug */,
				C502063F1CF7051E00A3273B /* Release */,
			);
			defaultConfigurationIsVisible = 0;
		};
/* End XCConfigurationList section */
	};
	rootObject = C50206071CF7051E00A3273B /* Project object */;
}
